// !$*UTF8*$!
{
	archiveVersion = 1;
	classes = {
	};
	objectVersion = 55;
	objects = {

/* Begin PBXBuildFile section */
		54C446EE271F188200EA3EC2 /* AppDelegate.swift in Sources */ = {isa = PBXBuildFile; fileRef = 54C446ED271F188200EA3EC2 /* AppDelegate.swift */; };
		54C446F0271F188200EA3EC2 /* SceneDelegate.swift in Sources */ = {isa = PBXBuildFile; fileRef = 54C446EF271F188200EA3EC2 /* SceneDelegate.swift */; };
		54C446F2271F188200EA3EC2 /* ViewController.swift in Sources */ = {isa = PBXBuildFile; fileRef = 54C446F1271F188200EA3EC2 /* ViewController.swift */; };
		54C446F5271F188200EA3EC2 /* Main.storyboard in Resources */ = {isa = PBXBuildFile; fileRef = 54C446F3271F188200EA3EC2 /* Main.storyboard */; };
		54C446F7271F188600EA3EC2 /* Assets.xcassets in Resources */ = {isa = PBXBuildFile; fileRef = 54C446F6271F188600EA3EC2 /* Assets.xcassets */; };
		54C446FA271F188600EA3EC2 /* LaunchScreen.storyboard in Resources */ = {isa = PBXBuildFile; fileRef = 54C446F8271F188600EA3EC2 /* LaunchScreen.storyboard */; };
		54C44705271F188600EA3EC2 /* viiv_camera_filterTests.swift in Sources */ = {isa = PBXBuildFile; fileRef = 54C44704271F188600EA3EC2 /* viiv_camera_filterTests.swift */; };
		54C4470F271F188600EA3EC2 /* viiv_camera_filterUITests.swift in Sources */ = {isa = PBXBuildFile; fileRef = 54C4470E271F188600EA3EC2 /* viiv_camera_filterUITests.swift */; };
		54C44711271F188600EA3EC2 /* viiv_camera_filterUITestsLaunchTests.swift in Sources */ = {isa = PBXBuildFile; fileRef = 54C44710271F188600EA3EC2 /* viiv_camera_filterUITestsLaunchTests.swift */; };
/* End PBXBuildFile section */

/* Begin PBXContainerItemProxy section */
		54C44701271F188600EA3EC2 /* PBXContainerItemProxy */ = {
			isa = PBXContainerItemProxy;
			containerPortal = 54C446E2271F188200EA3EC2 /* Project object */;
			proxyType = 1;
			remoteGlobalIDString = 54C446E9271F188200EA3EC2;
			remoteInfo = viiv_camera_filter;
		};
		54C4470B271F188600EA3EC2 /* PBXContainerItemProxy */ = {
			isa = PBXContainerItemProxy;
			containerPortal = 54C446E2271F188200EA3EC2 /* Project object */;
			proxyType = 1;
			remoteGlobalIDString = 54C446E9271F188200EA3EC2;
			remoteInfo = viiv_camera_filter;
		};
/* End PBXContainerItemProxy section */

/* Begin PBXFileReference section */
		54C446EA271F188200EA3EC2 /* viiv_camera_filter.app */ = {isa = PBXFileReference; explicitFileType = wrapper.application; includeInIndex = 0; path = viiv_camera_filter.app; sourceTree = BUILT_PRODUCTS_DIR; };
		54C446ED271F188200EA3EC2 /* AppDelegate.swift */ = {isa = PBXFileReference; lastKnownFileType = sourcecode.swift; path = AppDelegate.swift; sourceTree = "<group>"; };
		54C446EF271F188200EA3EC2 /* SceneDelegate.swift */ = {isa = PBXFileReference; lastKnownFileType = sourcecode.swift; path = SceneDelegate.swift; sourceTree = "<group>"; };
		54C446F1271F188200EA3EC2 /* ViewController.swift */ = {isa = PBXFileReference; lastKnownFileType = sourcecode.swift; path = ViewController.swift; sourceTree = "<group>"; };
		54C446F4271F188200EA3EC2 /* Base */ = {isa = PBXFileReference; lastKnownFileType = file.storyboard; name = Base; path = Base.lproj/Main.storyboard; sourceTree = "<group>"; };
		54C446F6271F188600EA3EC2 /* Assets.xcassets */ = {isa = PBXFileReference; lastKnownFileType = folder.assetcatalog; path = Assets.xcassets; sourceTree = "<group>"; };
		54C446F9271F188600EA3EC2 /* Base */ = {isa = PBXFileReference; lastKnownFileType = file.storyboard; name = Base; path = Base.lproj/LaunchScreen.storyboard; sourceTree = "<group>"; };
		54C446FB271F188600EA3EC2 /* Info.plist */ = {isa = PBXFileReference; lastKnownFileType = text.plist.xml; path = Info.plist; sourceTree = "<group>"; };
		54C44700271F188600EA3EC2 /* viiv_camera_filterTests.xctest */ = {isa = PBXFileReference; explicitFileType = wrapper.cfbundle; includeInIndex = 0; path = viiv_camera_filterTests.xctest; sourceTree = BUILT_PRODUCTS_DIR; };
		54C44704271F188600EA3EC2 /* viiv_camera_filterTests.swift */ = {isa = PBXFileReference; lastKnownFileType = sourcecode.swift; path = viiv_camera_filterTests.swift; sourceTree = "<group>"; };
		54C4470A271F188600EA3EC2 /* viiv_camera_filterUITests.xctest */ = {isa = PBXFileReference; explicitFileType = wrapper.cfbundle; includeInIndex = 0; path = viiv_camera_filterUITests.xctest; sourceTree = BUILT_PRODUCTS_DIR; };
		54C4470E271F188600EA3EC2 /* viiv_camera_filterUITests.swift */ = {isa = PBXFileReference; lastKnownFileType = sourcecode.swift; path = viiv_camera_filterUITests.swift; sourceTree = "<group>"; };
		54C44710271F188600EA3EC2 /* viiv_camera_filterUITestsLaunchTests.swift */ = {isa = PBXFileReference; lastKnownFileType = sourcecode.swift; path = viiv_camera_filterUITestsLaunchTests.swift; sourceTree = "<group>"; };
/* End PBXFileReference section */

/* Begin PBXFrameworksBuildPhase section */
		54C446E7271F188200EA3EC2 /* Frameworks */ = {
			isa = PBXFrameworksBuildPhase;
			buildActionMask = 2147483647;
			files = (
			);
			runOnlyForDeploymentPostprocessing = 0;
		};
		54C446FD271F188600EA3EC2 /* Frameworks */ = {
			isa = PBXFrameworksBuildPhase;
			buildActionMask = 2147483647;
			files = (
			);
			runOnlyForDeploymentPostprocessing = 0;
		};
		54C44707271F188600EA3EC2 /* Frameworks */ = {
			isa = PBXFrameworksBuildPhase;
			buildActionMask = 2147483647;
			files = (
			);
			runOnlyForDeploymentPostprocessing = 0;
		};
/* End PBXFrameworksBuildPhase section */

/* Begin PBXGroup section */
		54C446E1271F188200EA3EC2 = {
			isa = PBXGroup;
			children = (
				54C446EC271F188200EA3EC2 /* viiv_camera_filter */,
				54C44703271F188600EA3EC2 /* viiv_camera_filterTests */,
				54C4470D271F188600EA3EC2 /* viiv_camera_filterUITests */,
				54C446EB271F188200EA3EC2 /* Products */,
			);
			sourceTree = "<group>";
		};
		54C446EB271F188200EA3EC2 /* Products */ = {
			isa = PBXGroup;
			children = (
				54C446EA271F188200EA3EC2 /* viiv_camera_filter.app */,
				54C44700271F188600EA3EC2 /* viiv_camera_filterTests.xctest */,
				54C4470A271F188600EA3EC2 /* viiv_camera_filterUITests.xctest */,
			);
			name = Products;
			sourceTree = "<group>";
		};
		54C446EC271F188200EA3EC2 /* viiv_camera_filter */ = {
			isa = PBXGroup;
			children = (
				54C446ED271F188200EA3EC2 /* AppDelegate.swift */,
				54C446EF271F188200EA3EC2 /* SceneDelegate.swift */,
				54C446F1271F188200EA3EC2 /* ViewController.swift */,
				54C446F3271F188200EA3EC2 /* Main.storyboard */,
				54C446F6271F188600EA3EC2 /* Assets.xcassets */,
				54C446F8271F188600EA3EC2 /* LaunchScreen.storyboard */,
				54C446FB271F188600EA3EC2 /* Info.plist */,
			);
			path = viiv_camera_filter;
			sourceTree = "<group>";
		};
		54C44703271F188600EA3EC2 /* viiv_camera_filterTests */ = {
			isa = PBXGroup;
			children = (
				54C44704271F188600EA3EC2 /* viiv_camera_filterTests.swift */,
			);
			path = viiv_camera_filterTests;
			sourceTree = "<group>";
		};
		54C4470D271F188600EA3EC2 /* viiv_camera_filterUITests */ = {
			isa = PBXGroup;
			children = (
				54C4470E271F188600EA3EC2 /* viiv_camera_filterUITests.swift */,
				54C44710271F188600EA3EC2 /* viiv_camera_filterUITestsLaunchTests.swift */,
			);
			path = viiv_camera_filterUITests;
			sourceTree = "<group>";
		};
/* End PBXGroup section */

/* Begin PBXNativeTarget section */
		54C446E9271F188200EA3EC2 /* viiv_camera_filter */ = {
			isa = PBXNativeTarget;
			buildConfigurationList = 54C44714271F188600EA3EC2 /* Build configuration list for PBXNativeTarget "viiv_camera_filter" */;
			buildPhases = (
				54C446E6271F188200EA3EC2 /* Sources */,
				54C446E7271F188200EA3EC2 /* Frameworks */,
				54C446E8271F188200EA3EC2 /* Resources */,
			);
			buildRules = (
			);
			dependencies = (
			);
			name = viiv_camera_filter;
			productName = viiv_camera_filter;
			productReference = 54C446EA271F188200EA3EC2 /* viiv_camera_filter.app */;
			productType = "com.apple.product-type.application";
		};
		54C446FF271F188600EA3EC2 /* viiv_camera_filterTests */ = {
			isa = PBXNativeTarget;
			buildConfigurationList = 54C44717271F188600EA3EC2 /* Build configuration list for PBXNativeTarget "viiv_camera_filterTests" */;
			buildPhases = (
				54C446FC271F188600EA3EC2 /* Sources */,
				54C446FD271F188600EA3EC2 /* Frameworks */,
				54C446FE271F188600EA3EC2 /* Resources */,
			);
			buildRules = (
			);
			dependencies = (
				54C44702271F188600EA3EC2 /* PBXTargetDependency */,
			);
			name = viiv_camera_filterTests;
			productName = viiv_camera_filterTests;
			productReference = 54C44700271F188600EA3EC2 /* viiv_camera_filterTests.xctest */;
			productType = "com.apple.product-type.bundle.unit-test";
		};
		54C44709271F188600EA3EC2 /* viiv_camera_filterUITests */ = {
			isa = PBXNativeTarget;
			buildConfigurationList = 54C4471A271F188600EA3EC2 /* Build configuration list for PBXNativeTarget "viiv_camera_filterUITests" */;
			buildPhases = (
				54C44706271F188600EA3EC2 /* Sources */,
				54C44707271F188600EA3EC2 /* Frameworks */,
				54C44708271F188600EA3EC2 /* Resources */,
			);
			buildRules = (
			);
			dependencies = (
				54C4470C271F188600EA3EC2 /* PBXTargetDependency */,
			);
			name = viiv_camera_filterUITests;
			productName = viiv_camera_filterUITests;
			productReference = 54C4470A271F188600EA3EC2 /* viiv_camera_filterUITests.xctest */;
			productType = "com.apple.product-type.bundle.ui-testing";
		};
/* End PBXNativeTarget section */

/* Begin PBXProject section */
		54C446E2271F188200EA3EC2 /* Project object */ = {
			isa = PBXProject;
			attributes = {
				BuildIndependentTargetsInParallel = 1;
				LastSwiftUpdateCheck = 1300;
				LastUpgradeCheck = 1300;
				TargetAttributes = {
					54C446E9271F188200EA3EC2 = {
						CreatedOnToolsVersion = 13.0;
					};
					54C446FF271F188600EA3EC2 = {
						CreatedOnToolsVersion = 13.0;
						TestTargetID = 54C446E9271F188200EA3EC2;
					};
					54C44709271F188600EA3EC2 = {
						CreatedOnToolsVersion = 13.0;
						TestTargetID = 54C446E9271F188200EA3EC2;
					};
				};
			};
			buildConfigurationList = 54C446E5271F188200EA3EC2 /* Build configuration list for PBXProject "viiv_camera_filter" */;
			compatibilityVersion = "Xcode 13.0";
			developmentRegion = en;
			hasScannedForEncodings = 0;
			knownRegions = (
				en,
				Base,
			);
			mainGroup = 54C446E1271F188200EA3EC2;
			productRefGroup = 54C446EB271F188200EA3EC2 /* Products */;
			projectDirPath = "";
			projectRoot = "";
			targets = (
				54C446E9271F188200EA3EC2 /* viiv_camera_filter */,
				54C446FF271F188600EA3EC2 /* viiv_camera_filterTests */,
				54C44709271F188600EA3EC2 /* viiv_camera_filterUITests */,
			);
		};
/* End PBXProject section */

/* Begin PBXResourcesBuildPhase section */
		54C446E8271F188200EA3EC2 /* Resources */ = {
			isa = PBXResourcesBuildPhase;
			buildActionMask = 2147483647;
			files = (
				54C446FA271F188600EA3EC2 /* LaunchScreen.storyboard in Resources */,
				54C446F7271F188600EA3EC2 /* Assets.xcassets in Resources */,
				54C446F5271F188200EA3EC2 /* Main.storyboard in Resources */,
			);
			runOnlyForDeploymentPostprocessing = 0;
		};
		54C446FE271F188600EA3EC2 /* Resources */ = {
			isa = PBXResourcesBuildPhase;
			buildActionMask = 2147483647;
			files = (
			);
			runOnlyForDeploymentPostprocessing = 0;
		};
		54C44708271F188600EA3EC2 /* Resources */ = {
			isa = PBXResourcesBuildPhase;
			buildActionMask = 2147483647;
			files = (
			);
			runOnlyForDeploymentPostprocessing = 0;
		};
/* End PBXResourcesBuildPhase section */

/* Begin PBXSourcesBuildPhase section */
		54C446E6271F188200EA3EC2 /* Sources */ = {
			isa = PBXSourcesBuildPhase;
			buildActionMask = 2147483647;
			files = (
				54C446F2271F188200EA3EC2 /* ViewController.swift in Sources */,
				54C446EE271F188200EA3EC2 /* AppDelegate.swift in Sources */,
				54C446F0271F188200EA3EC2 /* SceneDelegate.swift in Sources */,
			);
			runOnlyForDeploymentPostprocessing = 0;
		};
		54C446FC271F188600EA3EC2 /* Sources */ = {
			isa = PBXSourcesBuildPhase;
			buildActionMask = 2147483647;
			files = (
				54C44705271F188600EA3EC2 /* viiv_camera_filterTests.swift in Sources */,
			);
			runOnlyForDeploymentPostprocessing = 0;
		};
		54C44706271F188600EA3EC2 /* Sources */ = {
			isa = PBXSourcesBuildPhase;
			buildActionMask = 2147483647;
			files = (
				54C4470F271F188600EA3EC2 /* viiv_camera_filterUITests.swift in Sources */,
				54C44711271F188600EA3EC2 /* viiv_camera_filterUITestsLaunchTests.swift in Sources */,
			);
			runOnlyForDeploymentPostprocessing = 0;
		};
/* End PBXSourcesBuildPhase section */

/* Begin PBXTargetDependency section */
		54C44702271F188600EA3EC2 /* PBXTargetDependency */ = {
			isa = PBXTargetDependency;
			target = 54C446E9271F188200EA3EC2 /* viiv_camera_filter */;
			targetProxy = 54C44701271F188600EA3EC2 /* PBXContainerItemProxy */;
		};
		54C4470C271F188600EA3EC2 /* PBXTargetDependency */ = {
			isa = PBXTargetDependency;
			target = 54C446E9271F188200EA3EC2 /* viiv_camera_filter */;
			targetProxy = 54C4470B271F188600EA3EC2 /* PBXContainerItemProxy */;
		};
/* End PBXTargetDependency section */

/* Begin PBXVariantGroup section */
		54C446F3271F188200EA3EC2 /* Main.storyboard */ = {
			isa = PBXVariantGroup;
			children = (
				54C446F4271F188200EA3EC2 /* Base */,
			);
			name = Main.storyboard;
			sourceTree = "<group>";
		};
		54C446F8271F188600EA3EC2 /* LaunchScreen.storyboard */ = {
			isa = PBXVariantGroup;
			children = (
				54C446F9271F188600EA3EC2 /* Base */,
			);
			name = LaunchScreen.storyboard;
			sourceTree = "<group>";
		};
/* End PBXVariantGroup section */

/* Begin XCBuildConfiguration section */
		54C44712271F188600EA3EC2 /* Debug */ = {
			isa = XCBuildConfiguration;
			buildSettings = {
				ALWAYS_SEARCH_USER_PATHS = NO;
				CLANG_ANALYZER_NONNULL = YES;
				CLANG_ANALYZER_NUMBER_OBJECT_CONVERSION = YES_AGGRESSIVE;
				CLANG_CXX_LANGUAGE_STANDARD = "gnu++17";
				CLANG_CXX_LIBRARY = "libc++";
				CLANG_ENABLE_MODULES = YES;
				CLANG_ENABLE_OBJC_ARC = YES;
				CLANG_ENABLE_OBJC_WEAK = YES;
				CLANG_WARN_BLOCK_CAPTURE_AUTORELEASING = YES;
				CLANG_WARN_BOOL_CONVERSION = YES;
				CLANG_WARN_COMMA = YES;
				CLANG_WARN_CONSTANT_CONVERSION = YES;
				CLANG_WARN_DEPRECATED_OBJC_IMPLEMENTATIONS = YES;
				CLANG_WARN_DIRECT_OBJC_ISA_USAGE = YES_ERROR;
				CLANG_WARN_DOCUMENTATION_COMMENTS = YES;
				CLANG_WARN_EMPTY_BODY = YES;
				CLANG_WARN_ENUM_CONVERSION = YES;
				CLANG_WARN_INFINITE_RECURSION = YES;
				CLANG_WARN_INT_CONVERSION = YES;
				CLANG_WARN_NON_LITERAL_NULL_CONVERSION = YES;
				CLANG_WARN_OBJC_IMPLICIT_RETAIN_SELF = YES;
				CLANG_WARN_OBJC_LITERAL_CONVERSION = YES;
				CLANG_WARN_OBJC_ROOT_CLASS = YES_ERROR;
				CLANG_WARN_QUOTED_INCLUDE_IN_FRAMEWORK_HEADER = YES;
				CLANG_WARN_RANGE_LOOP_ANALYSIS = YES;
				CLANG_WARN_STRICT_PROTOTYPES = YES;
				CLANG_WARN_SUSPICIOUS_MOVE = YES;
				CLANG_WARN_UNGUARDED_AVAILABILITY = YES_AGGRESSIVE;
				CLANG_WARN_UNREACHABLE_CODE = YES;
				CLANG_WARN__DUPLICATE_METHOD_MATCH = YES;
				COPY_PHASE_STRIP = NO;
				DEBUG_INFORMATION_FORMAT = dwarf;
				ENABLE_STRICT_OBJC_MSGSEND = YES;
				ENABLE_TESTABILITY = YES;
				GCC_C_LANGUAGE_STANDARD = gnu11;
				GCC_DYNAMIC_NO_PIC = NO;
				GCC_NO_COMMON_BLOCKS = YES;
				GCC_OPTIMIZATION_LEVEL = 0;
				GCC_PREPROCESSOR_DEFINITIONS = (
					"DEBUG=1",
					"$(inherited)",
				);
				GCC_WARN_64_TO_32_BIT_CONVERSION = YES;
				GCC_WARN_ABOUT_RETURN_TYPE = YES_ERROR;
				GCC_WARN_UNDECLARED_SELECTOR = YES;
				GCC_WARN_UNINITIALIZED_AUTOS = YES_AGGRESSIVE;
				GCC_WARN_UNUSED_FUNCTION = YES;
				GCC_WARN_UNUSED_VARIABLE = YES;
				IPHONEOS_DEPLOYMENT_TARGET = 15.0;
				MTL_ENABLE_DEBUG_INFO = INCLUDE_SOURCE;
				MTL_FAST_MATH = YES;
				ONLY_ACTIVE_ARCH = YES;
				SDKROOT = iphoneos;
				SWIFT_ACTIVE_COMPILATION_CONDITIONS = DEBUG;
				SWIFT_OPTIMIZATION_LEVEL = "-Onone";
			};
			name = Debug;
		};
		54C44713271F188600EA3EC2 /* Release */ = {
			isa = XCBuildConfiguration;
			buildSettings = {
				ALWAYS_SEARCH_USER_PATHS = NO;
				CLANG_ANALYZER_NONNULL = YES;
				CLANG_ANALYZER_NUMBER_OBJECT_CONVERSION = YES_AGGRESSIVE;
				CLANG_CXX_LANGUAGE_STANDARD = "gnu++17";
				CLANG_CXX_LIBRARY = "libc++";
				CLANG_ENABLE_MODULES = YES;
				CLANG_ENABLE_OBJC_ARC = YES;
				CLANG_ENABLE_OBJC_WEAK = YES;
				CLANG_WARN_BLOCK_CAPTURE_AUTORELEASING = YES;
				CLANG_WARN_BOOL_CONVERSION = YES;
				CLANG_WARN_COMMA = YES;
				CLANG_WARN_CONSTANT_CONVERSION = YES;
				CLANG_WARN_DEPRECATED_OBJC_IMPLEMENTATIONS = YES;
				CLANG_WARN_DIRECT_OBJC_ISA_USAGE = YES_ERROR;
				CLANG_WARN_DOCUMENTATION_COMMENTS = YES;
				CLANG_WARN_EMPTY_BODY = YES;
				CLANG_WARN_ENUM_CONVERSION = YES;
				CLANG_WARN_INFINITE_RECURSION = YES;
				CLANG_WARN_INT_CONVERSION = YES;
				CLANG_WARN_NON_LITERAL_NULL_CONVERSION = YES;
				CLANG_WARN_OBJC_IMPLICIT_RETAIN_SELF = YES;
				CLANG_WARN_OBJC_LITERAL_CONVERSION = YES;
				CLANG_WARN_OBJC_ROOT_CLASS = YES_ERROR;
				CLANG_WARN_QUOTED_INCLUDE_IN_FRAMEWORK_HEADER = YES;
				CLANG_WARN_RANGE_LOOP_ANALYSIS = YES;
				CLANG_WARN_STRICT_PROTOTYPES = YES;
				CLANG_WARN_SUSPICIOUS_MOVE = YES;
				CLANG_WARN_UNGUARDED_AVAILABILITY = YES_AGGRESSIVE;
				CLANG_WARN_UNREACHABLE_CODE = YES;
				CLANG_WARN__DUPLICATE_METHOD_MATCH = YES;
				COPY_PHASE_STRIP = NO;
				DEBUG_INFORMATION_FORMAT = "dwarf-with-dsym";
				ENABLE_NS_ASSERTIONS = NO;
				ENABLE_STRICT_OBJC_MSGSEND = YES;
				GCC_C_LANGUAGE_STANDARD = gnu11;
				GCC_NO_COMMON_BLOCKS = YES;
				GCC_WARN_64_TO_32_BIT_CONVERSION = YES;
				GCC_WARN_ABOUT_RETURN_TYPE = YES_ERROR;
				GCC_WARN_UNDECLARED_SELECTOR = YES;
				GCC_WARN_UNINITIALIZED_AUTOS = YES_AGGRESSIVE;
				GCC_WARN_UNUSED_FUNCTION = YES;
				GCC_WARN_UNUSED_VARIABLE = YES;
				IPHONEOS_DEPLOYMENT_TARGET = 15.0;
				MTL_ENABLE_DEBUG_INFO = NO;
				MTL_FAST_MATH = YES;
				SDKROOT = iphoneos;
				SWIFT_COMPILATION_MODE = wholemodule;
				SWIFT_OPTIMIZATION_LEVEL = "-O";
				VALIDATE_PRODUCT = YES;
			};
			name = Release;
		};
		54C44715271F188600EA3EC2 /* Debug */ = {
			isa = XCBuildConfiguration;
			buildSettings = {
				ASSETCATALOG_COMPILER_APPICON_NAME = AppIcon;
				ASSETCATALOG_COMPILER_GLOBAL_ACCENT_COLOR_NAME = AccentColor;
				CODE_SIGN_STYLE = Automatic;
				CURRENT_PROJECT_VERSION = 1;
				DEVELOPMENT_TEAM = Z5WNM73QU9;
				GENERATE_INFOPLIST_FILE = YES;
				INFOPLIST_FILE = viiv_camera_filter/Info.plist;
				INFOPLIST_KEY_UIApplicationSupportsIndirectInputEvents = YES;
				INFOPLIST_KEY_UILaunchStoryboardName = LaunchScreen;
				INFOPLIST_KEY_UIMainStoryboardFile = Main;
				INFOPLIST_KEY_UISupportedInterfaceOrientations_iPad = "UIInterfaceOrientationPortrait UIInterfaceOrientationPortraitUpsideDown UIInterfaceOrientationLandscapeLeft UIInterfaceOrientationLandscapeRight";
				INFOPLIST_KEY_UISupportedInterfaceOrientations_iPhone = "UIInterfaceOrientationPortrait UIInterfaceOrientationLandscapeLeft UIInterfaceOrientationLandscapeRight";
				LD_RUNPATH_SEARCH_PATHS = (
					"$(inherited)",
					"@executable_path/Frameworks",
				);
				MARKETING_VERSION = 1.0;
				PRODUCT_BUNDLE_IDENTIFIER = "lecle.co.kr.viiv-camera-filter";
				PRODUCT_NAME = "$(TARGET_NAME)";
				SWIFT_EMIT_LOC_STRINGS = YES;
				SWIFT_VERSION = 5.0;
				TARGETED_DEVICE_FAMILY = "1,2";
			};
			name = Debug;
		};
		54C44716271F188600EA3EC2 /* Release */ = {
			isa = XCBuildConfiguration;
			buildSettings = {
				ASSETCATALOG_COMPILER_APPICON_NAME = AppIcon;
				ASSETCATALOG_COMPILER_GLOBAL_ACCENT_COLOR_NAME = AccentColor;
				CODE_SIGN_STYLE = Automatic;
				CURRENT_PROJECT_VERSION = 1;
				DEVELOPMENT_TEAM = Z5WNM73QU9;
				GENERATE_INFOPLIST_FILE = YES;
				INFOPLIST_FILE = viiv_camera_filter/Info.plist;
				INFOPLIST_KEY_UIApplicationSupportsIndirectInputEvents = YES;
				INFOPLIST_KEY_UILaunchStoryboardName = LaunchScreen;
				INFOPLIST_KEY_UIMainStoryboardFile = Main;
				INFOPLIST_KEY_UISupportedInterfaceOrientations_iPad = "UIInterfaceOrientationPortrait UIInterfaceOrientationPortraitUpsideDown UIInterfaceOrientationLandscapeLeft UIInterfaceOrientationLandscapeRight";
				INFOPLIST_KEY_UISupportedInterfaceOrientations_iPhone = "UIInterfaceOrientationPortrait UIInterfaceOrientationLandscapeLeft UIInterfaceOrientationLandscapeRight";
				LD_RUNPATH_SEARCH_PATHS = (
					"$(inherited)",
					"@executable_path/Frameworks",
				);
				MARKETING_VERSION = 1.0;
				PRODUCT_BUNDLE_IDENTIFIER = "lecle.co.kr.viiv-camera-filter";
				PRODUCT_NAME = "$(TARGET_NAME)";
				SWIFT_EMIT_LOC_STRINGS = YES;
				SWIFT_VERSION = 5.0;
				TARGETED_DEVICE_FAMILY = "1,2";
			};
			name = Release;
		};
		54C44718271F188600EA3EC2 /* Debug */ = {
			isa = XCBuildConfiguration;
			buildSettings = {
				ALWAYS_EMBED_SWIFT_STANDARD_LIBRARIES = YES;
				BUNDLE_LOADER = "$(TEST_HOST)";
				CODE_SIGN_STYLE = Automatic;
				CURRENT_PROJECT_VERSION = 1;
				DEVELOPMENT_TEAM = Z5WNM73QU9;
				GENERATE_INFOPLIST_FILE = YES;
				IPHONEOS_DEPLOYMENT_TARGET = 15.0;
				LD_RUNPATH_SEARCH_PATHS = (
					"$(inherited)",
					"@executable_path/Frameworks",
					"@loader_path/Frameworks",
				);
				MARKETING_VERSION = 1.0;
				PRODUCT_BUNDLE_IDENTIFIER = "lecle.co.kr.viiv-camera-filterTests";
				PRODUCT_NAME = "$(TARGET_NAME)";
				SWIFT_EMIT_LOC_STRINGS = NO;
				SWIFT_VERSION = 5.0;
				TARGETED_DEVICE_FAMILY = "1,2";
				TEST_HOST = "$(BUILT_PRODUCTS_DIR)/viiv_camera_filter.app/viiv_camera_filter";
			};
			name = Debug;
		};
		54C44719271F188600EA3EC2 /* Release */ = {
			isa = XCBuildConfiguration;
			buildSettings = {
				ALWAYS_EMBED_SWIFT_STANDARD_LIBRARIES = YES;
				BUNDLE_LOADER = "$(TEST_HOST)";
				CODE_SIGN_STYLE = Automatic;
				CURRENT_PROJECT_VERSION = 1;
				DEVELOPMENT_TEAM = Z5WNM73QU9;
				GENERATE_INFOPLIST_FILE = YES;
				IPHONEOS_DEPLOYMENT_TARGET = 15.0;
				LD_RUNPATH_SEARCH_PATHS = (
					"$(inherited)",
					"@executable_path/Frameworks",
					"@loader_path/Frameworks",
				);
				MARKETING_VERSION = 1.0;
				PRODUCT_BUNDLE_IDENTIFIER = "lecle.co.kr.viiv-camera-filterTests";
				PRODUCT_NAME = "$(TARGET_NAME)";
				SWIFT_EMIT_LOC_STRINGS = NO;
				SWIFT_VERSION = 5.0;
				TARGETED_DEVICE_FAMILY = "1,2";
				TEST_HOST = "$(BUILT_PRODUCTS_DIR)/viiv_camera_filter.app/viiv_camera_filter";
			};
			name = Release;
		};
		54C4471B271F188600EA3EC2 /* Debug */ = {
			isa = XCBuildConfiguration;
			buildSettings = {
				ALWAYS_EMBED_SWIFT_STANDARD_LIBRARIES = YES;
				CODE_SIGN_STYLE = Automatic;
				CURRENT_PROJECT_VERSION = 1;
				DEVELOPMENT_TEAM = Z5WNM73QU9;
				GENERATE_INFOPLIST_FILE = YES;
				LD_RUNPATH_SEARCH_PATHS = (
					"$(inherited)",
					"@executable_path/Frameworks",
					"@loader_path/Frameworks",
				);
				MARKETING_VERSION = 1.0;
				PRODUCT_BUNDLE_IDENTIFIER = "lecle.co.kr.viiv-camera-filterUITests";
				PRODUCT_NAME = "$(TARGET_NAME)";
				SWIFT_EMIT_LOC_STRINGS = NO;
				SWIFT_VERSION = 5.0;
				TARGETED_DEVICE_FAMILY = "1,2";
				TEST_TARGET_NAME = viiv_camera_filter;
			};
			name = Debug;
		};
		54C4471C271F188600EA3EC2 /* Release */ = {
			isa = XCBuildConfiguration;
			buildSettings = {
				ALWAYS_EMBED_SWIFT_STANDARD_LIBRARIES = YES;
				CODE_SIGN_STYLE = Automatic;
				CURRENT_PROJECT_VERSION = 1;
				DEVELOPMENT_TEAM = Z5WNM73QU9;
				GENERATE_INFOPLIST_FILE = YES;
				LD_RUNPATH_SEARCH_PATHS = (
					"$(inherited)",
					"@executable_path/Frameworks",
					"@loader_path/Frameworks",
				);
				MARKETING_VERSION = 1.0;
				PRODUCT_BUNDLE_IDENTIFIER = "lecle.co.kr.viiv-camera-filterUITests";
				PRODUCT_NAME = "$(TARGET_NAME)";
				SWIFT_EMIT_LOC_STRINGS = NO;
				SWIFT_VERSION = 5.0;
				TARGETED_DEVICE_FAMILY = "1,2";
				TEST_TARGET_NAME = viiv_camera_filter;
			};
			name = Release;
		};
/* End XCBuildConfiguration section */

/* Begin XCConfigurationList section */
		54C446E5271F188200EA3EC2 /* Build configuration list for PBXProject "viiv_camera_filter" */ = {
			isa = XCConfigurationList;
			buildConfigurations = (
				54C44712271F188600EA3EC2 /* Debug */,
				54C44713271F188600EA3EC2 /* Release */,
			);
			defaultConfigurationIsVisible = 0;
			defaultConfigurationName = Release;
		};
		54C44714271F188600EA3EC2 /* Build configuration list for PBXNativeTarget "viiv_camera_filter" */ = {
			isa = XCConfigurationList;
			buildConfigurations = (
				54C44715271F188600EA3EC2 /* Debug */,
				54C44716271F188600EA3EC2 /* Release */,
			);
			defaultConfigurationIsVisible = 0;
			defaultConfigurationName = Release;
		};
		54C44717271F188600EA3EC2 /* Build configuration list for PBXNativeTarget "viiv_camera_filterTests" */ = {
			isa = XCConfigurationList;
			buildConfigurations = (
				54C44718271F188600EA3EC2 /* Debug */,
				54C44719271F188600EA3EC2 /* Release */,
			);
			defaultConfigurationIsVisible = 0;
			defaultConfigurationName = Release;
		};
		54C4471A271F188600EA3EC2 /* Build configuration list for PBXNativeTarget "viiv_camera_filterUITests" */ = {
			isa = XCConfigurationList;
			buildConfigurations = (
				54C4471B271F188600EA3EC2 /* Debug */,
				54C4471C271F188600EA3EC2 /* Release */,
			);
			defaultConfigurationIsVisible = 0;
			defaultConfigurationName = Release;
		};
/* End XCConfigurationList section */
	};
	rootObject = 54C446E2271F188200EA3EC2 /* Project object */;
}
